
Microsoft Visual Studio Solution File, Format Version 12.00
# Visual Studio Version 17
VisualStudioVersion = 17.2.32616.157
MinimumVisualStudioVersion = 10.0.40219.1
Project("{FAE04EC0-301F-11D3-BF4B-00C04F79EFBC}") = "BoxerApi", "BoxerApi.csproj", "{BAD6FDC1-C0D4-44EA-9FAE-DDB8B6625B05}"
EndProject
Global
	GlobalSection(SolutionConfigurationPlatforms) = preSolution
		Debug|Any CPU = Debug|Any CPU
		Release|Any CPU = Release|Any CPU
	EndGlobalSection
	GlobalSection(ProjectConfigurationPlatforms) = postSolution
		{BAD6FDC1-C0D4-44EA-9FAE-DDB8B6625B05}.Debug|Any CPU.ActiveCfg = Debug|Any CPU
		{BAD6FDC1-C0D4-44EA-9FAE-DDB8B6625B05}.Debug|Any CPU.Build.0 = Debug|Any CPU
		{BAD6FDC1-C0D4-44EA-9FAE-DDB8B6625B05}.Release|Any CPU.ActiveCfg = Release|Any CPU
		{BAD6FDC1-C0D4-44EA-9FAE-DDB8B6625B05}.Release|Any CPU.Build.0 = Release|Any CPU
	EndGlobalSection
	GlobalSection(SolutionProperties) = preSolution
		HideSolutionNode = FALSE
	EndGlobalSection
	GlobalSection(ExtensibilityGlobals) = postSolution
		SolutionGuid = {28D0A639-21A9-4701-B3C5-A39E200E8886}
	EndGlobalSection
EndGlobal
